
Microsoft Visual Studio Solution File, Format Version 12.00
# Visual Studio Version 17
VisualStudioVersion = 17.13.35806.99 d17.13
MinimumVisualStudioVersion = 10.0.40219.1
Project("{FAE04EC0-301F-11D3-BF4B-00C04F79EFBC}") = "KairaCQRSMediator", "KairaCQRSMediator\KairaCQRSMediator.csproj", "{280978B1-CFE3-42BF-BA48-A4DDE46C5658}"
EndProject
Global
	GlobalSection(SolutionConfigurationPlatforms) = preSolution
		Debug|Any CPU = Debug|Any CPU
		Release|Any CPU = Release|Any CPU
	EndGlobalSection
	GlobalSection(ProjectConfigurationPlatforms) = postSolution
		{280978B1-CFE3-42BF-BA48-A4DDE46C5658}.Debug|Any CPU.ActiveCfg = Debug|Any CPU
		{280978B1-CFE3-42BF-BA48-A4DDE46C5658}.Debug|Any CPU.Build.0 = Debug|Any CPU
		{280978B1-CFE3-42BF-BA48-A4DDE46C5658}.Release|Any CPU.ActiveCfg = Release|Any CPU
		{280978B1-CFE3-42BF-BA48-A4DDE46C5658}.Release|Any CPU.Build.0 = Release|Any CPU
	EndGlobalSection
	GlobalSection(SolutionProperties) = preSolution
		HideSolutionNode = FALSE
	EndGlobalSection
	GlobalSection(ExtensibilityGlobals) = postSolution
		SolutionGuid = {3E949F14-59E1-4338-9812-06C2821B11A8}
	EndGlobalSection
EndGlobal
